
Microsoft Visual Studio Solution File, Format Version 12.00
# Visual Studio Version 17
VisualStudioVersion = 17.10.35013.160
MinimumVisualStudioVersion = 10.0.40219.1
Project("{FAE04EC0-301F-11D3-BF4B-00C04F79EFBC}") = "BookStore.API", "BookStore.API\BookStore.API.csproj", "{A23EE699-BD7E-4F24-96D6-C4E7BAA83C72}"
EndProject
Global
	GlobalSection(SolutionConfigurationPlatforms) = preSolution
		Debug|Any CPU = Debug|Any CPU
		Release|Any CPU = Release|Any CPU
	EndGlobalSection
	GlobalSection(ProjectConfigurationPlatforms) = postSolution
		{A23EE699-BD7E-4F24-96D6-C4E7BAA83C72}.Debug|Any CPU.ActiveCfg = Debug|Any CPU
		{A23EE699-BD7E-4F24-96D6-C4E7BAA83C72}.Debug|Any CPU.Build.0 = Debug|Any CPU
		{A23EE699-BD7E-4F24-96D6-C4E7BAA83C72}.Release|Any CPU.ActiveCfg = Release|Any CPU
		{A23EE699-BD7E-4F24-96D6-C4E7BAA83C72}.Release|Any CPU.Build.0 = Release|Any CPU
	EndGlobalSection
	GlobalSection(SolutionProperties) = preSolution
		HideSolutionNode = FALSE
	EndGlobalSection
	GlobalSection(ExtensibilityGlobals) = postSolution
		SolutionGuid = {242AD315-2B6C-4F65-909F-73AE3B441673}
	EndGlobalSection
EndGlobal
